{
    "name": "gm_fam_sc_telporter_lib",
    "lockfileVersion": 3,
    "requires": true,
    "packages": {
        "": {
            "name": "gm_fam_sc_telporter_lib",
            "devDependencies": {
                "@axelar-network/axelar-gmp-sdk-solidity": "^5.6.4",
                "@openzeppelin/contracts": "4.9.3"
            }
        },
        "node_modules/@axelar-network/axelar-gmp-sdk-solidity": {
            "version": "5.6.4",
            "resolved": "https://registry.npmjs.org/@axelar-network/axelar-gmp-sdk-solidity/-/axelar-gmp-sdk-solidity-5.6.4.tgz",
            "integrity": "sha512-PQjV+HeJynmSRMhyM3SexwnbFNruSaiRUeNCWjV8/7CkdPsDqypoqIXVRVU8Zk92DUUHeqZZzL/3qP2LYuvlnA==",
            "dev": true,
            "engines": {
                "node": ">=16"
            }
        },
        "node_modules/@openzeppelin/contracts": {
            "version": "4.9.3",
            "resolved": "https://registry.npmjs.org/@openzeppelin/contracts/-/contracts-4.9.3.tgz",
            "integrity": "sha512-He3LieZ1pP2TNt5JbkPA4PNT9WC3gOTOlDcFGJW4Le4QKqwmiNJCRt44APfxMxvq7OugU/cqYuPcSBzOw38DAg==",
            "dev": true
        }
    }
}
